
Microsoft Visual Studio Solution File, Format Version 12.00
# Visual Studio 15
Project("{FAE04EC0-301F-11D3-BF4B-00C04F79EFBC}") = "Assembly-CSharp", "Assembly-CSharp.csproj", "{02762DA3-E53A-A635-5DA3-BB675971854C}"
EndProject
Project("{FAE04EC0-301F-11D3-BF4B-00C04F79EFBC}") = "Assembly-CSharp-Editor", "Assembly-CSharp-Editor.csproj", "{5EAEA4B6-5C09-CF34-6E55-5F01687ED703}"
EndProject
Global
	GlobalSection(SolutionConfigurationPlatforms) = preSolution
		Debug|Any CPU = Debug|Any CPU
		Release|Any CPU = Release|Any CPU
	EndGlobalSection
	GlobalSection(ProjectConfigurationPlatforms) = postSolution
		{02762DA3-E53A-A635-5DA3-BB675971854C}.Debug|Any CPU.ActiveCfg = Debug|Any CPU
		{02762DA3-E53A-A635-5DA3-BB675971854C}.Debug|Any CPU.Build.0 = Debug|Any CPU
		{02762DA3-E53A-A635-5DA3-BB675971854C}.Release|Any CPU.ActiveCfg = Release|Any CPU
		{02762DA3-E53A-A635-5DA3-BB675971854C}.Release|Any CPU.Build.0 = Release|Any CPU
		{5EAEA4B6-5C09-CF34-6E55-5F01687ED703}.Debug|Any CPU.ActiveCfg = Debug|Any CPU
		{5EAEA4B6-5C09-CF34-6E55-5F01687ED703}.Debug|Any CPU.Build.0 = Debug|Any CPU
		{5EAEA4B6-5C09-CF34-6E55-5F01687ED703}.Release|Any CPU.ActiveCfg = Release|Any CPU
		{5EAEA4B6-5C09-CF34-6E55-5F01687ED703}.Release|Any CPU.Build.0 = Release|Any CPU
	EndGlobalSection
	GlobalSection(SolutionProperties) = preSolution
		HideSolutionNode = FALSE
	EndGlobalSection
EndGlobal
